github.com/goccy/go-yaml v1.19.2 h1:PmFC1S6h8ljIz6gMRBopkjP1TVT7xuwrButHID66PoM=
github.com/goccy/go-yaml v1.19.2/go.mod h1:XBurs7gK8ATbW4ZPGKgcbrY1Br56PdM69F7LkFRi1kA=
github.com/google/uuid v1.6.0 h1:NIvaJDMOsjHA8n1jAhLSgzrAzy1Hgr+hNrb57e+94F0=
github.com/google/uuid v1.6.0/go.mod h1:TIyPZe4MgqvfeYDBFedMoGGpEw/LqOeaOT+nhxU+yHo=
latere.ai/x/ci-gate v0.29.2 h1:6KhM4kJ8DCIiT51yiUTug3VweiKUa9MmeLRmjYFvAsE=
latere.ai/x/ci-gate v0.29.2/go.mod h1:q2A9P8rq93BL+RO/JHxpXwnTuP2pb9xFoGo5jFVxUYk=
latere.ai/x/pkg v0.58.0 h1:qnskmxwTQ5S7OIWFa127CdlaX6BbR4QmYM0ZsimoK+U=
latere.ai/x/pkg v0.58.0/go.mod h1:nLBu/entEtshydcnUXeDQ5tMwmjocPtbocAROR8qPqc=
